
Microsoft Visual Studio Solution File, Format Version 12.00
# Visual Studio Version 17
VisualStudioVersion = 17.2.32630.192
MinimumVisualStudioVersion = 10.0.40219.1
Project("{FAE04EC0-301F-11D3-BF4B-00C04F79EFBC}") = "InsertionSort", "InsertionSort\InsertionSort.csproj", "{813FDA0C-BBAD-4BBD-A28D-04D356D7E5A1}"
EndProject
Project("{FAE04EC0-301F-11D3-BF4B-00C04F79EFBC}") = "BubddleSort", "BubddleSort\BubddleSort.csproj", "{B630EC93-F71B-4B6D-B727-4F67D7874691}"
EndProject
Project("{FAE04EC0-301F-11D3-BF4B-00C04F79EFBC}") = "BinarySearch", "BinarySearch\BinarySearch.csproj", "{B95D6EB9-231E-4BAE-9805-3C5EC6F564C4}"
EndProject
Global
	GlobalSection(SolutionConfigurationPlatforms) = preSolution
		Debug|Any CPU = Debug|Any CPU
		Release|Any CPU = Release|Any CPU
	EndGlobalSection
	GlobalSection(ProjectConfigurationPlatforms) = postSolution
		{813FDA0C-BBAD-4BBD-A28D-04D356D7E5A1}.Debug|Any CPU.ActiveCfg = Debug|Any CPU
		{813FDA0C-BBAD-4BBD-A28D-04D356D7E5A1}.Debug|Any CPU.Build.0 = Debug|Any CPU
		{813FDA0C-BBAD-4BBD-A28D-04D356D7E5A1}.Release|Any CPU.ActiveCfg = Release|Any CPU
		{813FDA0C-BBAD-4BBD-A28D-04D356D7E5A1}.Release|Any CPU.Build.0 = Release|Any CPU
		{B630EC93-F71B-4B6D-B727-4F67D7874691}.Debug|Any CPU.ActiveCfg = Debug|Any CPU
		{B630EC93-F71B-4B6D-B727-4F67D7874691}.Debug|Any CPU.Build.0 = Debug|Any CPU
		{B630EC93-F71B-4B6D-B727-4F67D7874691}.Release|Any CPU.ActiveCfg = Release|Any CPU
		{B630EC93-F71B-4B6D-B727-4F67D7874691}.Release|Any CPU.Build.0 = Release|Any CPU
		{B95D6EB9-231E-4BAE-9805-3C5EC6F564C4}.Debug|Any CPU.ActiveCfg = Debug|Any CPU
		{B95D6EB9-231E-4BAE-9805-3C5EC6F564C4}.Debug|Any CPU.Build.0 = Debug|Any CPU
		{B95D6EB9-231E-4BAE-9805-3C5EC6F564C4}.Release|Any CPU.ActiveCfg = Release|Any CPU
		{B95D6EB9-231E-4BAE-9805-3C5EC6F564C4}.Release|Any CPU.Build.0 = Release|Any CPU
	EndGlobalSection
	GlobalSection(SolutionProperties) = preSolution
		HideSolutionNode = FALSE
	EndGlobalSection
	GlobalSection(ExtensibilityGlobals) = postSolution
		SolutionGuid = {73C5442F-1D32-4647-9C2E-98640757EA24}
	EndGlobalSection
EndGlobal
